{
  "name": "vis-three",
  "version": "0.0.8",
  "lockfileVersion": 1,
  "requires": true,
  "dependencies": {
    "@babel/parser": {
      "version": "7.16.2",
      "resolved": "https://r.cnpmjs.org/@babel/parser/download/@babel/parser-7.16.2.tgz",
      "integrity": "sha1-NyPNXI2Hc+75bOV+odm3+qzNEqw=",
      "dev": true
    },
    "@tweenjs/tween.js": {
      "version": "18.6.4",
      "resolved": "https://registry.npmjs.org/@tweenjs/tween.js/-/tween.js-18.6.4.tgz",
      "integrity": "sha512-lB9lMjuqjtuJrx7/kOkqQBtllspPIN+96OvTCeJ2j5FEzinoAXTdAMFnDAQT1KVPRlnYfBrqxtqP66vDM40xxQ==",
      "dev": true
    },
    "@types/keyboardjs": {
      "version": "2.5.0",
      "resolved": "https://r.cnpmjs.org/@types/keyboardjs/download/@types/keyboardjs-2.5.0.tgz",
      "integrity": "sha1-irOsd6HkE+ZLgMUbjWwg5sedo/U=",
      "dev": true
    },
    "@types/three": {
      "version": "0.133.1",
      "resolved": "https://r.cnpmjs.org/@types/three/download/@types/three-0.133.1.tgz",
      "integrity": "sha1-YAf6r39rUzORUKKh/lcSHkxmB8E=",
      "dev": true
    },
    "@types/uuid": {
      "version": "8.3.1",
      "resolved": "https://r.cnpmjs.org/@types/uuid/download/@types/uuid-8.3.1.tgz",
      "integrity": "sha1-GjKWnPjwNks9jIr5zDVVt4Bd8U8=",
      "dev": true
    },
    "@vue/compiler-core": {
      "version": "3.2.21",
      "resolved": "https://r.cnpmjs.org/@vue/compiler-core/download/@vue/compiler-core-3.2.21.tgz",
      "integrity": "sha1-JlZsMrKtg4GZ1HHvXfYgqDhG8k4=",
      "dev": true,
      "requires": {
        "@babel/parser": "^7.15.0",
        "@vue/shared": "3.2.21",
        "estree-walker": "^2.0.2",
        "source-map": "^0.6.1"
      }
    },
    "@vue/compiler-dom": {
      "version": "3.2.21",
      "resolved": "https://r.cnpmjs.org/@vue/compiler-dom/download/@vue/compiler-dom-3.2.21.tgz",
      "integrity": "sha1-1vbIU2TviIj5xOkSK/uhHnj7OYw=",
      "dev": true,
      "requires": {
        "@vue/compiler-core": "3.2.21",
        "@vue/shared": "3.2.21"
      }
    },
    "@vue/compiler-sfc": {
      "version": "3.2.21",
      "resolved": "https://r.cnpmjs.org/@vue/compiler-sfc/download/@vue/compiler-sfc-3.2.21.tgz",
      "integrity": "sha1-QmOe5J5yWvt9jx0ZQOddwXpWACw=",
      "dev": true,
      "requires": {
        "@babel/parser": "^7.15.0",
        "@vue/compiler-core": "3.2.21",
        "@vue/compiler-dom": "3.2.21",
        "@vue/compiler-ssr": "3.2.21",
        "@vue/ref-transform": "3.2.21",
        "@vue/shared": "3.2.21",
        "estree-walker": "^2.0.2",
        "magic-string": "^0.25.7",
        "postcss": "^8.1.10",
        "source-map": "^0.6.1"
      }
    },
    "@vue/compiler-ssr": {
      "version": "3.2.21",
      "resolved": "https://r.cnpmjs.org/@vue/compiler-ssr/download/@vue/compiler-ssr-3.2.21.tgz",
      "integrity": "sha1-N9Ek+J6K3vn9VrhXdd5LUxCgQ24=",
      "dev": true,
      "requires": {
        "@vue/compiler-dom": "3.2.21",
        "@vue/shared": "3.2.21"
      }
    },
    "@vue/reactivity": {
      "version": "3.2.21",
      "resolved": "https://r.cnpmjs.org/@vue/reactivity/download/@vue/reactivity-3.2.21.tgz",
      "integrity": "sha1-BzrRRBku14oH4VHpWjuqUV5AmaI=",
      "dev": true,
      "requires": {
        "@vue/shared": "3.2.21"
      }
    },
    "@vue/ref-transform": {
      "version": "3.2.21",
      "resolved": "https://r.cnpmjs.org/@vue/ref-transform/download/@vue/ref-transform-3.2.21.tgz",
      "integrity": "sha1-sMVUyfZAw/AF935nYGaqD6upCYQ=",
      "dev": true,
      "requires": {
        "@babel/parser": "^7.15.0",
        "@vue/compiler-core": "3.2.21",
        "@vue/shared": "3.2.21",
        "estree-walker": "^2.0.2",
        "magic-string": "^0.25.7"
      }
    },
    "@vue/runtime-core": {
      "version": "3.2.21",
      "resolved": "https://r.cnpmjs.org/@vue/runtime-core/download/@vue/runtime-core-3.2.21.tgz",
      "integrity": "sha1-4S2sjDiTt66/w34yBmcY2KpoasU=",
      "dev": true,
      "requires": {
        "@vue/reactivity": "3.2.21",
        "@vue/shared": "3.2.21"
      }
    },
    "@vue/runtime-dom": {
      "version": "3.2.21",
      "resolved": "https://r.cnpmjs.org/@vue/runtime-dom/download/@vue/runtime-dom-3.2.21.tgz",
      "integrity": "sha1-M90VvIUoHncxd6MNxpMcKUvXeqE=",
      "dev": true,
      "requires": {
        "@vue/runtime-core": "3.2.21",
        "@vue/shared": "3.2.21",
        "csstype": "^2.6.8"
      }
    },
    "@vue/server-renderer": {
      "version": "3.2.21",
      "resolved": "https://r.cnpmjs.org/@vue/server-renderer/download/@vue/server-renderer-3.2.21.tgz",
      "integrity": "sha1-iH0KRN529yMTz/JoaiTAMVIx1jQ=",
      "dev": true,
      "requires": {
        "@vue/compiler-ssr": "3.2.21",
        "@vue/shared": "3.2.21"
      }
    },
    "@vue/shared": {
      "version": "3.2.21",
      "resolved": "https://r.cnpmjs.org/@vue/shared/download/@vue/shared-3.2.21.tgz",
      "integrity": "sha1-TNgMDmLPZaetqyRJ6GtvDLM6Ews=",
      "dev": true
    },
    "csstype": {
      "version": "2.6.18",
      "resolved": "https://r.cnpmjs.org/csstype/download/csstype-2.6.18.tgz",
      "integrity": "sha1-mAqLUwhfNK8xNBCvBk8r0kF4Qhg=",
      "dev": true
    },
    "esbuild": {
      "version": "0.13.12",
      "resolved": "https://r.cnpmjs.org/esbuild/download/esbuild-0.13.12.tgz",
      "integrity": "sha1-nKxkFZS/A880FFJYwJPXQ+u958o=",
      "dev": true,
      "requires": {
        "esbuild-android-arm64": "0.13.12",
        "esbuild-darwin-64": "0.13.12",
        "esbuild-darwin-arm64": "0.13.12",
        "esbuild-freebsd-64": "0.13.12",
        "esbuild-freebsd-arm64": "0.13.12",
        "esbuild-linux-32": "0.13.12",
        "esbuild-linux-64": "0.13.12",
        "esbuild-linux-arm": "0.13.12",
        "esbuild-linux-arm64": "0.13.12",
        "esbuild-linux-mips64le": "0.13.12",
        "esbuild-linux-ppc64le": "0.13.12",
        "esbuild-netbsd-64": "0.13.12",
        "esbuild-openbsd-64": "0.13.12",
        "esbuild-sunos-64": "0.13.12",
        "esbuild-windows-32": "0.13.12",
        "esbuild-windows-64": "0.13.12",
        "esbuild-windows-arm64": "0.13.12"
      }
    },
    "esbuild-android-arm64": {
      "version": "0.13.12",
      "resolved": "https://r.cnpmjs.org/esbuild-android-arm64/download/esbuild-android-arm64-0.13.12.tgz",
      "integrity": "sha1-4fGZ3AVAXNxmcMAPtseTgiv4rkw=",
      "dev": true,
      "optional": true
    },
    "esbuild-darwin-64": {
      "version": "0.13.12",
      "resolved": "https://r.cnpmjs.org/esbuild-darwin-64/download/esbuild-darwin-64-0.13.12.tgz",
      "integrity": "sha1-9cWeYilVwB8FDlp6ycHUHbcUuU0=",
      "dev": true,
      "optional": true
    },
    "esbuild-darwin-arm64": {
      "version": "0.13.12",
      "resolved": "https://r.cnpmjs.org/esbuild-darwin-arm64/download/esbuild-darwin-arm64-0.13.12.tgz",
      "integrity": "sha1-irrnTClWqKpWj8UseIKTOMSkuYg=",
      "dev": true,
      "optional": true
    },
    "esbuild-freebsd-64": {
      "version": "0.13.12",
      "resolved": "https://r.cnpmjs.org/esbuild-freebsd-64/download/esbuild-freebsd-64-0.13.12.tgz",
      "integrity": "sha1-atKrjANk7n3S1uMk2Hao5grnXRI=",
      "dev": true,
      "optional": true
    },
    "esbuild-freebsd-arm64": {
      "version": "0.13.12",
      "resolved": "https://r.cnpmjs.org/esbuild-freebsd-arm64/download/esbuild-freebsd-arm64-0.13.12.tgz",
      "integrity": "sha1-bzgVX0wwCsTIrd4f3jzGpEQKgpQ=",
      "dev": true,
      "optional": true
    },
    "esbuild-linux-32": {
      "version": "0.13.12",
      "resolved": "https://r.cnpmjs.org/esbuild-linux-32/download/esbuild-linux-32-0.13.12.tgz",
      "integrity": "sha1-sdFeMwGIqMId51w/AFhiij7vrec=",
      "dev": true,
      "optional": true
    },
    "esbuild-linux-64": {
      "version": "0.13.12",
      "resolved": "https://r.cnpmjs.org/esbuild-linux-64/download/esbuild-linux-64-0.13.12.tgz",
      "integrity": "sha1-Jb1ktmFisCNI4y2PEuTJ7mHx0HA=",
      "dev": true,
      "optional": true
    },
    "esbuild-linux-arm": {
      "version": "0.13.12",
      "resolved": "https://r.cnpmjs.org/esbuild-linux-arm/download/esbuild-linux-arm-0.13.12.tgz",
      "integrity": "sha1-a8gclXv/InJWiMxjWcKaJXZb4Js=",
      "dev": true,
      "optional": true
    },
    "esbuild-linux-arm64": {
      "version": "0.13.12",
      "resolved": "https://r.cnpmjs.org/esbuild-linux-arm64/download/esbuild-linux-arm64-0.13.12.tgz",
      "integrity": "sha1-ulgimEV8xcmsgjonXeEXYgwGU38=",
      "dev": true,
      "optional": true
    },
    "esbuild-linux-mips64le": {
      "version": "0.13.12",
      "resolved": "https://r.cnpmjs.org/esbuild-linux-mips64le/download/esbuild-linux-mips64le-0.13.12.tgz",
      "integrity": "sha1-7zxKuj5YXYR8ut5ZRai0pcYsfOI=",
      "dev": true,
      "optional": true
    },
    "esbuild-linux-ppc64le": {
      "version": "0.13.12",
      "resolved": "https://r.cnpmjs.org/esbuild-linux-ppc64le/download/esbuild-linux-ppc64le-0.13.12.tgz",
      "integrity": "sha1-oh+2ToDDi+8GEi5IKDmQ/G21eOE=",
      "dev": true,
      "optional": true
    },
    "esbuild-netbsd-64": {
      "version": "0.13.12",
      "resolved": "https://r.cnpmjs.org/esbuild-netbsd-64/download/esbuild-netbsd-64-0.13.12.tgz",
      "integrity": "sha1-Hqf8jPzoiiCkBHuGfvGEBJpmQa4=",
      "dev": true,
      "optional": true
    },
    "esbuild-openbsd-64": {
      "version": "0.13.12",
      "resolved": "https://r.cnpmjs.org/esbuild-openbsd-64/download/esbuild-openbsd-64-0.13.12.tgz",
      "integrity": "sha1-rd4y8vGwXcS9T8VE1upaQ3n5yk0=",
      "dev": true,
      "optional": true
    },
    "esbuild-sunos-64": {
      "version": "0.13.12",
      "resolved": "https://r.cnpmjs.org/esbuild-sunos-64/download/esbuild-sunos-64-0.13.12.tgz",
      "integrity": "sha1-p+yvUrc2T77nbciqcH+j4c/zNCw=",
      "dev": true,
      "optional": true
    },
    "esbuild-windows-32": {
      "version": "0.13.12",
      "resolved": "https://r.cnpmjs.org/esbuild-windows-32/download/esbuild-windows-32-0.13.12.tgz",
      "integrity": "sha1-qHVgM9yQXEt76hm+affuaICfh3A=",
      "dev": true,
      "optional": true
    },
    "esbuild-windows-64": {
      "version": "0.13.12",
      "resolved": "https://r.cnpmjs.org/esbuild-windows-64/download/esbuild-windows-64-0.13.12.tgz",
      "integrity": "sha1-rmlKpmygeKy4UJstoxGX7R9A95g=",
      "dev": true,
      "optional": true
    },
    "esbuild-windows-arm64": {
      "version": "0.13.12",
      "resolved": "https://r.cnpmjs.org/esbuild-windows-arm64/download/esbuild-windows-arm64-0.13.12.tgz",
      "integrity": "sha1-eCxai9bXF+pVqq/mSPmSbKNqSog=",
      "dev": true,
      "optional": true
    },
    "estree-walker": {
      "version": "2.0.2",
      "resolved": "https://r.cnpmjs.org/estree-walker/download/estree-walker-2.0.2.tgz",
      "integrity": "sha1-UvAQF4wqTBF6d1fP6UKtt9LaTKw=",
      "dev": true
    },
    "fsevents": {
      "version": "2.3.2",
      "resolved": "https://r.cnpmjs.org/fsevents/download/fsevents-2.3.2.tgz",
      "integrity": "sha1-ilJveLj99GI7cJ4Ll1xSwkwC/Ro=",
      "dev": true,
      "optional": true
    },
    "function-bind": {
      "version": "1.1.1",
      "resolved": "https://r.cnpmjs.org/function-bind/download/function-bind-1.1.1.tgz",
      "integrity": "sha1-pWiZ0+o8m6uHS7l3O3xe3pL0iV0=",
      "dev": true
    },
    "has": {
      "version": "1.0.3",
      "resolved": "https://r.cnpmjs.org/has/download/has-1.0.3.tgz",
      "integrity": "sha1-ci18v8H2qoJB8W3YFOAR4fQeh5Y=",
      "dev": true,
      "requires": {
        "function-bind": "^1.1.1"
      }
    },
    "is-core-module": {
      "version": "2.8.0",
      "resolved": "https://r.cnpmjs.org/is-core-module/download/is-core-module-2.8.0.tgz",
      "integrity": "sha1-AyEzbD0JJeSX/Zf12VyxFKXM1Ug=",
      "dev": true,
      "requires": {
        "has": "^1.0.3"
      }
    },
    "keyboardjs": {
      "version": "2.6.4",
      "resolved": "https://registry.npmjs.org/keyboardjs/-/keyboardjs-2.6.4.tgz",
      "integrity": "sha512-xDiNwiwH3KUqap++RFJiLAXzbvRB5Yw08xliuceOgLhM1o7g1puKKR9vWy6wp9H/Bi4VP0+SQMpiWXMWWmR6rA==",
      "dev": true
    },
    "magic-string": {
      "version": "0.25.7",
      "resolved": "https://r.cnpmjs.org/magic-string/download/magic-string-0.25.7.tgz",
      "integrity": "sha1-P0l9b9NMZpxnmNy4IfLvMfVEUFE=",
      "dev": true,
      "requires": {
        "sourcemap-codec": "^1.4.4"
      }
    },
    "nanoid": {
      "version": "3.3.1",
      "resolved": "https://registry.npmjs.org/nanoid/-/nanoid-3.3.1.tgz",
      "integrity": "sha512-n6Vs/3KGyxPQd6uO0eH4Bv0ojGSUvuLlIHtC3Y0kEO23YRge8H9x1GCzLn28YX0H66pMkxuaeESFq4tKISKwdw==",
      "dev": true
    },
    "path-parse": {
      "version": "1.0.7",
      "resolved": "https://r.cnpmjs.org/path-parse/download/path-parse-1.0.7.tgz",
      "integrity": "sha1-+8EUtgykKzDZ2vWFjkvWi77bZzU=",
      "dev": true
    },
    "picocolors": {
      "version": "1.0.0",
      "resolved": "https://r.cnpmjs.org/picocolors/download/picocolors-1.0.0.tgz",
      "integrity": "sha1-y1vcdP8/UYkiNur3nWi8RFZKuBw=",
      "dev": true
    },
    "postcss": {
      "version": "8.3.11",
      "resolved": "https://r.cnpmjs.org/postcss/download/postcss-8.3.11.tgz",
      "integrity": "sha1-w77KfqgRzV4cSj7G0udZnvH4+Fg=",
      "dev": true,
      "requires": {
        "nanoid": "^3.1.30",
        "picocolors": "^1.0.0",
        "source-map-js": "^0.6.2"
      }
    },
    "resolve": {
      "version": "1.20.0",
      "resolved": "https://r.cnpmjs.org/resolve/download/resolve-1.20.0.tgz",
      "integrity": "sha1-YpoBP7P3B1XW8LeTXMHCxTeLGXU=",
      "dev": true,
      "requires": {
        "is-core-module": "^2.2.0",
        "path-parse": "^1.0.6"
      }
    },
    "rollup": {
      "version": "2.59.0",
      "resolved": "https://r.cnpmjs.org/rollup/download/rollup-2.59.0.tgz",
      "integrity": "sha1-EIxhsPoKN+vI0fFk8oFiIFbw21k=",
      "dev": true,
      "requires": {
        "fsevents": "~2.3.2"
      }
    },
    "source-map": {
      "version": "0.6.1",
      "resolved": "https://r.cnpmjs.org/source-map/download/source-map-0.6.1.tgz",
      "integrity": "sha1-dHIq8y6WFOnCh6jQu95IteLxomM=",
      "dev": true
    },
    "source-map-js": {
      "version": "0.6.2",
      "resolved": "https://r.cnpmjs.org/source-map-js/download/source-map-js-0.6.2.tgz",
      "integrity": "sha1-C7XeYxtBz72mz7qL0FqA79/SOF4=",
      "dev": true
    },
    "sourcemap-codec": {
      "version": "1.4.8",
      "resolved": "https://r.cnpmjs.org/sourcemap-codec/download/sourcemap-codec-1.4.8.tgz",
      "integrity": "sha1-6oBL2UhXQC5pktBaOO8a41qatMQ=",
      "dev": true
    },
    "three": {
      "version": "0.134.0",
      "resolved": "https://r.cnpmjs.org/three/download/three-0.134.0.tgz",
      "integrity": "sha1-161NhdBQ2ghhvzl0mwbd+18XFX8=",
      "dev": true
    },
    "three-csg-ts": {
      "version": "3.1.10",
      "resolved": "https://registry.npmmirror.com/three-csg-ts/-/three-csg-ts-3.1.10.tgz",
      "integrity": "sha512-Li3tEokjlC91DoZ8tLNcikz0rq+O723Ot9s1q8FioyRDZvGZBP+paypBzfTYocoxBaDiXHcV0H81nWSQs8McZQ==",
      "dev": true
    },
    "typescript": {
      "version": "4.4.4",
      "resolved": "https://r.cnpmjs.org/typescript/download/typescript-4.4.4.tgz",
      "integrity": "sha1-LNAaGh8WBwTTEB/VpY/w+fy4Aww=",
      "dev": true
    },
    "uuid": {
      "version": "8.3.2",
      "resolved": "https://r.cnpmjs.org/uuid/download/uuid-8.3.2.tgz",
      "integrity": "sha1-gNW1ztJxu5r2xEXyGhoExgbO++I=",
      "dev": true
    },
    "vite": {
      "version": "2.6.13",
      "resolved": "https://r.cnpmjs.org/vite/download/vite-2.6.13.tgz",
      "integrity": "sha1-FrPshaZtW0YawpqQOHTUNX+a9DI=",
      "dev": true,
      "requires": {
        "esbuild": "^0.13.2",
        "fsevents": "~2.3.2",
        "postcss": "^8.3.8",
        "resolve": "^1.20.0",
        "rollup": "^2.57.0"
      }
    },
    "vue": {
      "version": "3.2.21",
      "resolved": "https://r.cnpmjs.org/vue/download/vue-3.2.21.tgz",
      "integrity": "sha1-VfVmUXLZXPl+gGuarQo3UYC+I6E=",
      "dev": true,
      "requires": {
        "@vue/compiler-dom": "3.2.21",
        "@vue/compiler-sfc": "3.2.21",
        "@vue/runtime-dom": "3.2.21",
        "@vue/server-renderer": "3.2.21",
        "@vue/shared": "3.2.21"
      }
    }
  }
}
